
Microsoft Visual Studio Solution File, Format Version 12.00
# Visual Studio Version 16
VisualStudioVersion = 16.0.30128.74
MinimumVisualStudioVersion = 10.0.40219.1
Project("{FAE04EC0-301F-11D3-BF4B-00C04F79EFBC}") = "AbstractPlanets", "AbstractPlanets\AbstractPlanets.csproj", "{88670238-6C62-45D6-B963-B72635F38A8D}"
EndProject
Global
	GlobalSection(SolutionConfigurationPlatforms) = preSolution
		Debug|Any CPU = Debug|Any CPU
		Release|Any CPU = Release|Any CPU
	EndGlobalSection
	GlobalSection(ProjectConfigurationPlatforms) = postSolution
		{88670238-6C62-45D6-B963-B72635F38A8D}.Debug|Any CPU.ActiveCfg = Debug|Any CPU
		{88670238-6C62-45D6-B963-B72635F38A8D}.Debug|Any CPU.Build.0 = Debug|Any CPU
		{88670238-6C62-45D6-B963-B72635F38A8D}.Release|Any CPU.ActiveCfg = Release|Any CPU
		{88670238-6C62-45D6-B963-B72635F38A8D}.Release|Any CPU.Build.0 = Release|Any CPU
	EndGlobalSection
	GlobalSection(SolutionProperties) = preSolution
		HideSolutionNode = FALSE
	EndGlobalSection
	GlobalSection(ExtensibilityGlobals) = postSolution
		SolutionGuid = {F9B2A399-EE90-4595-B7FE-CFCA9317FCEE}
	EndGlobalSection
EndGlobal
